
Microsoft Visual Studio Solution File, Format Version 12.00
# Visual Studio 14
VisualStudioVersion = 14.0.25420.1
MinimumVisualStudioVersion = 10.0.40219.1
Project("{FAE04EC0-301F-11D3-BF4B-00C04F79EFBC}") = "YunKe.FrontEnd", "YunKe.FrontEnd\YunKe.FrontEnd.csproj", "{2C4BCA96-6169-4AF1-80AC-7E5FF071B10E}"
EndProject
Project("{2150E333-8FDC-42A3-9474-1A3956D46DE8}") = "1. Presentation", "1. Presentation", "{C34A4A3A-6251-4A81-AB90-E5E25828C4BD}"
EndProject
Project("{2150E333-8FDC-42A3-9474-1A3956D46DE8}") = "2. Domain", "2. Domain", "{4F520907-CBAD-4E48-BDD9-5C70F9478E02}"
EndProject
Project("{2150E333-8FDC-42A3-9474-1A3956D46DE8}") = "3. Infrastructure", "3. Infrastructure", "{9368114C-EEA6-43E7-AABF-50C94E286EAE}"
EndProject
Project("{2150E333-8FDC-42A3-9474-1A3956D46DE8}") = "4. Shared", "4. Shared", "{9A492821-4E78-49D8-8675-034EB7406756}"
EndProject
Project("{2150E333-8FDC-42A3-9474-1A3956D46DE8}") = "5. Tests", "5. Tests", "{D627CD7A-D8C7-4A1C-AEB3-4FB546C1547D}"
EndProject
Project("{FAE04EC0-301F-11D3-BF4B-00C04F79EFBC}") = "YunKe.AdminPanel", "YunKe.AdminPanel\YunKe.AdminPanel.csproj", "{16190EF7-8331-4465-A1C5-E06FE1567986}"
EndProject
Project("{FAE04EC0-301F-11D3-BF4B-00C04F79EFBC}") = "YunKe.AppService.Core", "YunKe.AppService.Core\YunKe.AppService.Core.csproj", "{361EC610-25C9-467F-86D9-A3AF7401E31F}"
EndProject
Project("{FAE04EC0-301F-11D3-BF4B-00C04F79EFBC}") = "YunKe.Commerce", "YunKe.Commerce\YunKe.Commerce.csproj", "{C7FBB752-4DE7-4804-9C63-E51377CC4B97}"
EndProject
Project("{FAE04EC0-301F-11D3-BF4B-00C04F79EFBC}") = "YunKe.Infrastructure", "YunKe.Infrastructure\YunKe.Infrastructure.csproj", "{AF9E76AC-6FA5-4310-8F7A-A8BEFFC2FDB0}"
EndProject
Project("{FAE04EC0-301F-11D3-BF4B-00C04F79EFBC}") = "YunKe.Shared", "YunKe.Shared\YunKe.Shared.csproj", "{D27D4A97-1E7E-4138-98EA-0C4BA9C9A778}"
EndProject
Project("{FAE04EC0-301F-11D3-BF4B-00C04F79EFBC}") = "YunKe.UnitTests", "YunKe.UnitTests\YunKe.UnitTests.csproj", "{372BC201-9D99-4549-8BB9-7F107D573B90}"
EndProject
Project("{FAE04EC0-301F-11D3-BF4B-00C04F79EFBC}") = "YunKe.AdminPanelCore", "YunKe.AdminPanelCore\YunKe.AdminPanelCore.csproj", "{CE879BF4-9830-426F-9CEC-930AEC5AFC43}"
EndProject
Project("{FAE04EC0-301F-11D3-BF4B-00C04F79EFBC}") = "YunKe.Weixin", "YunKe.Weixin\YunKe.Weixin.csproj", "{B00701C6-25D9-47C9-9B5F-E5808E48BDA6}"
EndProject
Project("{2150E333-8FDC-42A3-9474-1A3956D46DE8}") = "6. Sdks", "6. Sdks", "{01159CF1-7F4C-4973-873F-130BA7709ED2}"
EndProject
Project("{FAE04EC0-301F-11D3-BF4B-00C04F79EFBC}") = "Hishop.Weixin.MP", "..\SDKs\Hishop.Weixin.MP\Hishop.Weixin.MP.csproj", "{462E14E9-5C7E-4792-AB06-F241626C3593}"
EndProject
Project("{FAE04EC0-301F-11D3-BF4B-00C04F79EFBC}") = "Hishop.Weixin.Pay", "..\SDKs\Hishop.Weixin.Pay\Hishop.Weixin.Pay.csproj", "{772B5E97-41AD-4F69-A1C1-AC9C909D40AF}"
EndProject
Project("{FAE04EC0-301F-11D3-BF4B-00C04F79EFBC}") = "YunKe.Infrastructure.RedisCacheProvider", "YunKe.Infrastructure.RedisCacheProvider\YunKe.Infrastructure.RedisCacheProvider.csproj", "{F6A14479-B1B7-4F12-B8BB-4D65D27AEF30}"
EndProject
Project("{FAE04EC0-301F-11D3-BF4B-00C04F79EFBC}") = "YunKe.AppService.Api", "YunKe.AppService.Api\YunKe.AppService.Api.csproj", "{7F49B221-3837-44FF-877F-7DD3D68ADC6E}"
EndProject
Project("{FAE04EC0-301F-11D3-BF4B-00C04F79EFBC}") = "YunKe.AppService.Api.Tests", "YunKe.AppService.Api.Tests\YunKe.AppService.Api.Tests.csproj", "{B0666338-1855-4254-A817-22B08E25F355}"
EndProject
Global
	GlobalSection(SolutionConfigurationPlatforms) = preSolution
		Debug|Any CPU = Debug|Any CPU
		Release|Any CPU = Release|Any CPU
	EndGlobalSection
	GlobalSection(ProjectConfigurationPlatforms) = postSolution
		{2C4BCA96-6169-4AF1-80AC-7E5FF071B10E}.Debug|Any CPU.ActiveCfg = Debug|Any CPU
		{2C4BCA96-6169-4AF1-80AC-7E5FF071B10E}.Debug|Any CPU.Build.0 = Debug|Any CPU
		{2C4BCA96-6169-4AF1-80AC-7E5FF071B10E}.Release|Any CPU.ActiveCfg = Release|Any CPU
		{2C4BCA96-6169-4AF1-80AC-7E5FF071B10E}.Release|Any CPU.Build.0 = Release|Any CPU
		{16190EF7-8331-4465-A1C5-E06FE1567986}.Debug|Any CPU.ActiveCfg = Debug|Any CPU
		{16190EF7-8331-4465-A1C5-E06FE1567986}.Debug|Any CPU.Build.0 = Debug|Any CPU
		{16190EF7-8331-4465-A1C5-E06FE1567986}.Release|Any CPU.ActiveCfg = Release|Any CPU
		{16190EF7-8331-4465-A1C5-E06FE1567986}.Release|Any CPU.Build.0 = Release|Any CPU
		{361EC610-25C9-467F-86D9-A3AF7401E31F}.Debug|Any CPU.ActiveCfg = Debug|Any CPU
		{361EC610-25C9-467F-86D9-A3AF7401E31F}.Debug|Any CPU.Build.0 = Debug|Any CPU
		{361EC610-25C9-467F-86D9-A3AF7401E31F}.Release|Any CPU.ActiveCfg = Release|Any CPU
		{361EC610-25C9-467F-86D9-A3AF7401E31F}.Release|Any CPU.Build.0 = Release|Any CPU
		{C7FBB752-4DE7-4804-9C63-E51377CC4B97}.Debug|Any CPU.ActiveCfg = Debug|Any CPU
		{C7FBB752-4DE7-4804-9C63-E51377CC4B97}.Debug|Any CPU.Build.0 = Debug|Any CPU
		{C7FBB752-4DE7-4804-9C63-E51377CC4B97}.Release|Any CPU.ActiveCfg = Release|Any CPU
		{C7FBB752-4DE7-4804-9C63-E51377CC4B97}.Release|Any CPU.Build.0 = Release|Any CPU
		{AF9E76AC-6FA5-4310-8F7A-A8BEFFC2FDB0}.Debug|Any CPU.ActiveCfg = Debug|Any CPU
		{AF9E76AC-6FA5-4310-8F7A-A8BEFFC2FDB0}.Debug|Any CPU.Build.0 = Debug|Any CPU
		{AF9E76AC-6FA5-4310-8F7A-A8BEFFC2FDB0}.Release|Any CPU.ActiveCfg = Release|Any CPU
		{AF9E76AC-6FA5-4310-8F7A-A8BEFFC2FDB0}.Release|Any CPU.Build.0 = Release|Any CPU
		{D27D4A97-1E7E-4138-98EA-0C4BA9C9A778}.Debug|Any CPU.ActiveCfg = Debug|Any CPU
		{D27D4A97-1E7E-4138-98EA-0C4BA9C9A778}.Debug|Any CPU.Build.0 = Debug|Any CPU
		{D27D4A97-1E7E-4138-98EA-0C4BA9C9A778}.Release|Any CPU.ActiveCfg = Release|Any CPU
		{D27D4A97-1E7E-4138-98EA-0C4BA9C9A778}.Release|Any CPU.Build.0 = Release|Any CPU
		{372BC201-9D99-4549-8BB9-7F107D573B90}.Debug|Any CPU.ActiveCfg = Debug|Any CPU
		{372BC201-9D99-4549-8BB9-7F107D573B90}.Debug|Any CPU.Build.0 = Debug|Any CPU
		{372BC201-9D99-4549-8BB9-7F107D573B90}.Release|Any CPU.ActiveCfg = Release|Any CPU
		{372BC201-9D99-4549-8BB9-7F107D573B90}.Release|Any CPU.Build.0 = Release|Any CPU
		{CE879BF4-9830-426F-9CEC-930AEC5AFC43}.Debug|Any CPU.ActiveCfg = Debug|Any CPU
		{CE879BF4-9830-426F-9CEC-930AEC5AFC43}.Debug|Any CPU.Build.0 = Debug|Any CPU
		{CE879BF4-9830-426F-9CEC-930AEC5AFC43}.Release|Any CPU.ActiveCfg = Release|Any CPU
		{CE879BF4-9830-426F-9CEC-930AEC5AFC43}.Release|Any CPU.Build.0 = Release|Any CPU
		{B00701C6-25D9-47C9-9B5F-E5808E48BDA6}.Debug|Any CPU.ActiveCfg = Debug|Any CPU
		{B00701C6-25D9-47C9-9B5F-E5808E48BDA6}.Debug|Any CPU.Build.0 = Debug|Any CPU
		{B00701C6-25D9-47C9-9B5F-E5808E48BDA6}.Release|Any CPU.ActiveCfg = Release|Any CPU
		{B00701C6-25D9-47C9-9B5F-E5808E48BDA6}.Release|Any CPU.Build.0 = Release|Any CPU
		{462E14E9-5C7E-4792-AB06-F241626C3593}.Debug|Any CPU.ActiveCfg = Debug|Any CPU
		{462E14E9-5C7E-4792-AB06-F241626C3593}.Debug|Any CPU.Build.0 = Debug|Any CPU
		{462E14E9-5C7E-4792-AB06-F241626C3593}.Release|Any CPU.ActiveCfg = Release|Any CPU
		{462E14E9-5C7E-4792-AB06-F241626C3593}.Release|Any CPU.Build.0 = Release|Any CPU
		{772B5E97-41AD-4F69-A1C1-AC9C909D40AF}.Debug|Any CPU.ActiveCfg = Debug|Any CPU
		{772B5E97-41AD-4F69-A1C1-AC9C909D40AF}.Debug|Any CPU.Build.0 = Debug|Any CPU
		{772B5E97-41AD-4F69-A1C1-AC9C909D40AF}.Release|Any CPU.ActiveCfg = Release|Any CPU
		{772B5E97-41AD-4F69-A1C1-AC9C909D40AF}.Release|Any CPU.Build.0 = Release|Any CPU
		{F6A14479-B1B7-4F12-B8BB-4D65D27AEF30}.Debug|Any CPU.ActiveCfg = Debug|Any CPU
		{F6A14479-B1B7-4F12-B8BB-4D65D27AEF30}.Debug|Any CPU.Build.0 = Debug|Any CPU
		{F6A14479-B1B7-4F12-B8BB-4D65D27AEF30}.Release|Any CPU.ActiveCfg = Release|Any CPU
		{F6A14479-B1B7-4F12-B8BB-4D65D27AEF30}.Release|Any CPU.Build.0 = Release|Any CPU
		{7F49B221-3837-44FF-877F-7DD3D68ADC6E}.Debug|Any CPU.ActiveCfg = Debug|Any CPU
		{7F49B221-3837-44FF-877F-7DD3D68ADC6E}.Debug|Any CPU.Build.0 = Debug|Any CPU
		{7F49B221-3837-44FF-877F-7DD3D68ADC6E}.Release|Any CPU.ActiveCfg = Release|Any CPU
		{7F49B221-3837-44FF-877F-7DD3D68ADC6E}.Release|Any CPU.Build.0 = Release|Any CPU
		{B0666338-1855-4254-A817-22B08E25F355}.Debug|Any CPU.ActiveCfg = Debug|Any CPU
		{B0666338-1855-4254-A817-22B08E25F355}.Debug|Any CPU.Build.0 = Debug|Any CPU
		{B0666338-1855-4254-A817-22B08E25F355}.Release|Any CPU.ActiveCfg = Release|Any CPU
		{B0666338-1855-4254-A817-22B08E25F355}.Release|Any CPU.Build.0 = Release|Any CPU
	EndGlobalSection
	GlobalSection(SolutionProperties) = preSolution
		HideSolutionNode = FALSE
	EndGlobalSection
	GlobalSection(NestedProjects) = preSolution
		{2C4BCA96-6169-4AF1-80AC-7E5FF071B10E} = {C34A4A3A-6251-4A81-AB90-E5E25828C4BD}
		{16190EF7-8331-4465-A1C5-E06FE1567986} = {C34A4A3A-6251-4A81-AB90-E5E25828C4BD}
		{361EC610-25C9-467F-86D9-A3AF7401E31F} = {C34A4A3A-6251-4A81-AB90-E5E25828C4BD}
		{C7FBB752-4DE7-4804-9C63-E51377CC4B97} = {4F520907-CBAD-4E48-BDD9-5C70F9478E02}
		{AF9E76AC-6FA5-4310-8F7A-A8BEFFC2FDB0} = {9368114C-EEA6-43E7-AABF-50C94E286EAE}
		{D27D4A97-1E7E-4138-98EA-0C4BA9C9A778} = {9A492821-4E78-49D8-8675-034EB7406756}
		{372BC201-9D99-4549-8BB9-7F107D573B90} = {D627CD7A-D8C7-4A1C-AEB3-4FB546C1547D}
		{CE879BF4-9830-426F-9CEC-930AEC5AFC43} = {9368114C-EEA6-43E7-AABF-50C94E286EAE}
		{B00701C6-25D9-47C9-9B5F-E5808E48BDA6} = {9368114C-EEA6-43E7-AABF-50C94E286EAE}
		{462E14E9-5C7E-4792-AB06-F241626C3593} = {01159CF1-7F4C-4973-873F-130BA7709ED2}
		{772B5E97-41AD-4F69-A1C1-AC9C909D40AF} = {01159CF1-7F4C-4973-873F-130BA7709ED2}
		{F6A14479-B1B7-4F12-B8BB-4D65D27AEF30} = {9368114C-EEA6-43E7-AABF-50C94E286EAE}
		{7F49B221-3837-44FF-877F-7DD3D68ADC6E} = {C34A4A3A-6251-4A81-AB90-E5E25828C4BD}
		{B0666338-1855-4254-A817-22B08E25F355} = {D627CD7A-D8C7-4A1C-AEB3-4FB546C1547D}
	EndGlobalSection
EndGlobal
